
Microsoft Visual Studio Solution File, Format Version 9.00
# Visual Studio 2005
Project("{FAE04EC0-301F-11D3-BF4B-00C04F79EFBC}") = "seri", "seri\seri.csproj", "{4AC542D4-A9DD-4410-B10B-C38021B821AF}"
EndProject
Global
	GlobalSection(SolutionConfigurationPlatforms) = preSolution
		Debug|Any CPU = Debug|Any CPU
		Release|Any CPU = Release|Any CPU
	EndGlobalSection
	GlobalSection(ProjectConfigurationPlatforms) = postSolution
		{4AC542D4-A9DD-4410-B10B-C38021B821AF}.Debug|Any CPU.ActiveCfg = Debug|Any CPU
		{4AC542D4-A9DD-4410-B10B-C38021B821AF}.Debug|Any CPU.Build.0 = Debug|Any CPU
		{4AC542D4-A9DD-4410-B10B-C38021B821AF}.Release|Any CPU.ActiveCfg = Release|Any CPU
		{4AC542D4-A9DD-4410-B10B-C38021B821AF}.Release|Any CPU.Build.0 = Release|Any CPU
	EndGlobalSection
	GlobalSection(SolutionProperties) = preSolution
		HideSolutionNode = FALSE
	EndGlobalSection
EndGlobal
